
Microsoft Visual Studio Solution File, Format Version 12.00
# Visual Studio Version 16
VisualStudioVersion = 16.0.32407.337
MinimumVisualStudioVersion = 10.0.40219.1
Project("{FAE04EC0-301F-11D3-BF4B-00C04F79EFBC}") = "Numero indefinido de entradas e calculo de media", "Numero indefinido de entradas e calculo de media\Numero indefinido de entradas e calculo de media.csproj", "{C7D017FF-1FF1-4585-901A-44680EE1F332}"
EndProject
Global
	GlobalSection(SolutionConfigurationPlatforms) = preSolution
		Debug|Any CPU = Debug|Any CPU
		Release|Any CPU = Release|Any CPU
	EndGlobalSection
	GlobalSection(ProjectConfigurationPlatforms) = postSolution
		{C7D017FF-1FF1-4585-901A-44680EE1F332}.Debug|Any CPU.ActiveCfg = Debug|Any CPU
		{C7D017FF-1FF1-4585-901A-44680EE1F332}.Debug|Any CPU.Build.0 = Debug|Any CPU
		{C7D017FF-1FF1-4585-901A-44680EE1F332}.Release|Any CPU.ActiveCfg = Release|Any CPU
		{C7D017FF-1FF1-4585-901A-44680EE1F332}.Release|Any CPU.Build.0 = Release|Any CPU
	EndGlobalSection
	GlobalSection(SolutionProperties) = preSolution
		HideSolutionNode = FALSE
	EndGlobalSection
	GlobalSection(ExtensibilityGlobals) = postSolution
		SolutionGuid = {D15480F9-015A-41D6-9AED-AACBC72DC346}
	EndGlobalSection
EndGlobal
